// !$*UTF8*$!
{
	archiveVersion = 1;
	classes = {
	};
	objectVersion = 46;
	objects = {

/* Begin PBXBuildFile section */
		F68B9B211D39205400CEBE11 /* AppDelegate.swift in Sources */ = {isa = PBXBuildFile; fileRef = F68B9B201D39205400CEBE11 /* AppDelegate.swift */; };
		F68B9B231D39205400CEBE11 /* ViewController.swift in Sources */ = {isa = PBXBuildFile; fileRef = F68B9B221D39205400CEBE11 /* ViewController.swift */; };
		F68B9B261D39205400CEBE11 /* Main.storyboard in Resources */ = {isa = PBXBuildFile; fileRef = F68B9B241D39205400CEBE11 /* Main.storyboard */; };
		F68B9B291D39205400CEBE11 /* capstone.xcdatamodeld in Sources */ = {isa = PBXBuildFile; fileRef = F68B9B271D39205400CEBE11 /* capstone.xcdatamodeld */; };
		F68B9B2B1D39205400CEBE11 /* Assets.xcassets in Resources */ = {isa = PBXBuildFile; fileRef = F68B9B2A1D39205400CEBE11 /* Assets.xcassets */; };
		F68B9B2E1D39205400CEBE11 /* LaunchScreen.storyboard in Resources */ = {isa = PBXBuildFile; fileRef = F68B9B2C1D39205400CEBE11 /* LaunchScreen.storyboard */; };
		F68B9B391D39205400CEBE11 /* capstoneTests.swift in Sources */ = {isa = PBXBuildFile; fileRef = F68B9B381D39205400CEBE11 /* capstoneTests.swift */; };
		F68B9B441D39205400CEBE11 /* capstoneUITests.swift in Sources */ = {isa = PBXBuildFile; fileRef = F68B9B431D39205400CEBE11 /* capstoneUITests.swift */; };
		F68B9B531D39257600CEBE11 /* route.png in Resources */ = {isa = PBXBuildFile; fileRef = F68B9B521D39257600CEBE11 /* route.png */; };
		F68B9B551D3925CB00CEBE11 /* qrcode.png in Resources */ = {isa = PBXBuildFile; fileRef = F68B9B541D3925CB00CEBE11 /* qrcode.png */; };
		F68B9B571D3928D500CEBE11 /* CatedralTampico.jpg in Resources */ = {isa = PBXBuildFile; fileRef = F68B9B561D3928D500CEBE11 /* CatedralTampico.jpg */; };
		F68B9B591D39734000CEBE11 /* MenuCellController.swift in Sources */ = {isa = PBXBuildFile; fileRef = F68B9B581D39733F00CEBE11 /* MenuCellController.swift */; };
		F68B9B5B1D397F9000CEBE11 /* calendar.png in Resources */ = {isa = PBXBuildFile; fileRef = F68B9B5A1D397F9000CEBE11 /* calendar.png */; };
		F68B9B5D1D39814900CEBE11 /* about.png in Resources */ = {isa = PBXBuildFile; fileRef = F68B9B5C1D39814900CEBE11 /* about.png */; };
		F68B9B5F1D398A9600CEBE11 /* QRViewController.swift in Sources */ = {isa = PBXBuildFile; fileRef = F68B9B5E1D398A9600CEBE11 /* QRViewController.swift */; };
		F68B9B611D3C777C00CEBE11 /* QRWebViewController.swift in Sources */ = {isa = PBXBuildFile; fileRef = F68B9B601D3C777C00CEBE11 /* QRWebViewController.swift */; };
		F68B9B631D3D289100CEBE11 /* QRNavigationViewController.swift in Sources */ = {isa = PBXBuildFile; fileRef = F68B9B621D3D289100CEBE11 /* QRNavigationViewController.swift */; };
/* End PBXBuildFile section */

/* Begin PBXContainerItemProxy section */
		F68B9B351D39205400CEBE11 /* PBXContainerItemProxy */ = {
			isa = PBXContainerItemProxy;
			containerPortal = F68B9B151D39205300CEBE11 /* Project object */;
			proxyType = 1;
			remoteGlobalIDString = F68B9B1C1D39205300CEBE11;
			remoteInfo = capstone;
		};
		F68B9B401D39205400CEBE11 /* PBXContainerItemProxy */ = {
			isa = PBXContainerItemProxy;
			containerPortal = F68B9B151D39205300CEBE11 /* Project object */;
			proxyType = 1;
			remoteGlobalIDString = F68B9B1C1D39205300CEBE11;
			remoteInfo = capstone;
		};
/* End PBXContainerItemProxy section */

/* Begin PBXFileReference section */
		F68B9B1D1D39205300CEBE11 /* capstone.app */ = {isa = PBXFileReference; explicitFileType = wrapper.application; includeInIndex = 0; path = capstone.app; sourceTree = BUILT_PRODUCTS_DIR; };
		F68B9B201D39205400CEBE11 /* AppDelegate.swift */ = {isa = PBXFileReference; lastKnownFileType = sourcecode.swift; path = AppDelegate.swift; sourceTree = "<group>"; };
		F68B9B221D39205400CEBE11 /* ViewController.swift */ = {isa = PBXFileReference; lastKnownFileType = sourcecode.swift; path = ViewController.swift; sourceTree = "<group>"; };
		F68B9B251D39205400CEBE11 /* Base */ = {isa = PBXFileReference; lastKnownFileType = file.storyboard; name = Base; path = Base.lproj/Main.storyboard; sourceTree = "<group>"; };
		F68B9B281D39205400CEBE11 /* capstone.xcdatamodel */ = {isa = PBXFileReference; lastKnownFileType = wrapper.xcdatamodel; path = capstone.xcdatamodel; sourceTree = "<group>"; };
		F68B9B2A1D39205400CEBE11 /* Assets.xcassets */ = {isa = PBXFileReference; lastKnownFileType = folder.assetcatalog; path = Assets.xcassets; sourceTree = "<group>"; };
		F68B9B2D1D39205400CEBE11 /* Base */ = {isa = PBXFileReference; lastKnownFileType = file.storyboard; name = Base; path = Base.lproj/LaunchScreen.storyboard; sourceTree = "<group>"; };
		F68B9B2F1D39205400CEBE11 /* Info.plist */ = {isa = PBXFileReference; lastKnownFileType = text.plist.xml; path = Info.plist; sourceTree = "<group>"; };
		F68B9B341D39205400CEBE11 /* capstoneTests.xctest */ = {isa = PBXFileReference; explicitFileType = wrapper.cfbundle; includeInIndex = 0; path = capstoneTests.xctest; sourceTree = BUILT_PRODUCTS_DIR; };
		F68B9B381D39205400CEBE11 /* capstoneTests.swift */ = {isa = PBXFileReference; lastKnownFileType = sourcecode.swift; path = capstoneTests.swift; sourceTree = "<group>"; };
		F68B9B3A1D39205400CEBE11 /* Info.plist */ = {isa = PBXFileReference; lastKnownFileType = text.plist.xml; path = Info.plist; sourceTree = "<group>"; };
		F68B9B3F1D39205400CEBE11 /* capstoneUITests.xctest */ = {isa = PBXFileReference; explicitFileType = wrapper.cfbundle; includeInIndex = 0; path = capstoneUITests.xctest; sourceTree = BUILT_PRODUCTS_DIR; };
		F68B9B431D39205400CEBE11 /* capstoneUITests.swift */ = {isa = PBXFileReference; lastKnownFileType = sourcecode.swift; path = capstoneUITests.swift; sourceTree = "<group>"; };
		F68B9B451D39205400CEBE11 /* Info.plist */ = {isa = PBXFileReference; lastKnownFileType = text.plist.xml; path = Info.plist; sourceTree = "<group>"; };
		F68B9B521D39257600CEBE11 /* route.png */ = {isa = PBXFileReference; lastKnownFileType = image.png; path = route.png; sourceTree = "<group>"; };
		F68B9B541D3925CB00CEBE11 /* qrcode.png */ = {isa = PBXFileReference; lastKnownFileType = image.png; path = qrcode.png; sourceTree = "<group>"; };
		F68B9B561D3928D500CEBE11 /* CatedralTampico.jpg */ = {isa = PBXFileReference; lastKnownFileType = image.jpeg; path = CatedralTampico.jpg; sourceTree = "<group>"; };
		F68B9B581D39733F00CEBE11 /* MenuCellController.swift */ = {isa = PBXFileReference; fileEncoding = 4; lastKnownFileType = sourcecode.swift; path = MenuCellController.swift; sourceTree = "<group>"; };
		F68B9B5A1D397F9000CEBE11 /* calendar.png */ = {isa = PBXFileReference; lastKnownFileType = image.png; path = calendar.png; sourceTree = "<group>"; };
		F68B9B5C1D39814900CEBE11 /* about.png */ = {isa = PBXFileReference; lastKnownFileType = image.png; path = about.png; sourceTree = "<group>"; };
		F68B9B5E1D398A9600CEBE11 /* QRViewController.swift */ = {isa = PBXFileReference; fileEncoding = 4; lastKnownFileType = sourcecode.swift; path = QRViewController.swift; sourceTree = "<group>"; };
		F68B9B601D3C777C00CEBE11 /* QRWebViewController.swift */ = {isa = PBXFileReference; fileEncoding = 4; lastKnownFileType = sourcecode.swift; path = QRWebViewController.swift; sourceTree = "<group>"; };
		F68B9B621D3D289100CEBE11 /* QRNavigationViewController.swift */ = {isa = PBXFileReference; fileEncoding = 4; lastKnownFileType = sourcecode.swift; path = QRNavigationViewController.swift; sourceTree = "<group>"; };
/* End PBXFileReference section */

/* Begin PBXFrameworksBuildPhase section */
		F68B9B1A1D39205300CEBE11 /* Frameworks */ = {
			isa = PBXFrameworksBuildPhase;
			buildActionMask = 2147483647;
			files = (
			);
			runOnlyForDeploymentPostprocessing = 0;
		};
		F68B9B311D39205400CEBE11 /* Frameworks */ = {
			isa = PBXFrameworksBuildPhase;
			buildActionMask = 2147483647;
			files = (
			);
			runOnlyForDeploymentPostprocessing = 0;
		};
		F68B9B3C1D39205400CEBE11 /* Frameworks */ = {
			isa = PBXFrameworksBuildPhase;
			buildActionMask = 2147483647;
			files = (
			);
			runOnlyForDeploymentPostprocessing = 0;
		};
/* End PBXFrameworksBuildPhase section */

/* Begin PBXGroup section */
		F68B9B141D39205300CEBE11 = {
			isa = PBXGroup;
			children = (
				F68B9B1F1D39205400CEBE11 /* capstone */,
				F68B9B371D39205400CEBE11 /* capstoneTests */,
				F68B9B421D39205400CEBE11 /* capstoneUITests */,
				F68B9B1E1D39205300CEBE11 /* Products */,
			);
			sourceTree = "<group>";
		};
		F68B9B1E1D39205300CEBE11 /* Products */ = {
			isa = PBXGroup;
			children = (
				F68B9B1D1D39205300CEBE11 /* capstone.app */,
				F68B9B341D39205400CEBE11 /* capstoneTests.xctest */,
				F68B9B3F1D39205400CEBE11 /* capstoneUITests.xctest */,
			);
			name = Products;
			sourceTree = "<group>";
		};
		F68B9B1F1D39205400CEBE11 /* capstone */ = {
			isa = PBXGroup;
			children = (
				F68B9B511D39254A00CEBE11 /* Images */,
				F68B9B201D39205400CEBE11 /* AppDelegate.swift */,
				F68B9B581D39733F00CEBE11 /* MenuCellController.swift */,
				F68B9B221D39205400CEBE11 /* ViewController.swift */,
				F68B9B241D39205400CEBE11 /* Main.storyboard */,
				F68B9B2A1D39205400CEBE11 /* Assets.xcassets */,
				F68B9B2C1D39205400CEBE11 /* LaunchScreen.storyboard */,
				F68B9B2F1D39205400CEBE11 /* Info.plist */,
				F68B9B271D39205400CEBE11 /* capstone.xcdatamodeld */,
				F68B9B5E1D398A9600CEBE11 /* QRViewController.swift */,
				F68B9B601D3C777C00CEBE11 /* QRWebViewController.swift */,
				F68B9B621D3D289100CEBE11 /* QRNavigationViewController.swift */,
			);
			path = capstone;
			sourceTree = "<group>";
		};
		F68B9B371D39205400CEBE11 /* capstoneTests */ = {
			isa = PBXGroup;
			children = (
				F68B9B381D39205400CEBE11 /* capstoneTests.swift */,
				F68B9B3A1D39205400CEBE11 /* Info.plist */,
			);
			path = capstoneTests;
			sourceTree = "<group>";
		};
		F68B9B421D39205400CEBE11 /* capstoneUITests */ = {
			isa = PBXGroup;
			children = (
				F68B9B431D39205400CEBE11 /* capstoneUITests.swift */,
				F68B9B451D39205400CEBE11 /* Info.plist */,
			);
			path = capstoneUITests;
			sourceTree = "<group>";
		};
		F68B9B511D39254A00CEBE11 /* Images */ = {
			isa = PBXGroup;
			children = (
				F68B9B5C1D39814900CEBE11 /* about.png */,
				F68B9B5A1D397F9000CEBE11 /* calendar.png */,
				F68B9B561D3928D500CEBE11 /* CatedralTampico.jpg */,
				F68B9B541D3925CB00CEBE11 /* qrcode.png */,
				F68B9B521D39257600CEBE11 /* route.png */,
			);
			name = Images;
			sourceTree = "<group>";
		};
/* End PBXGroup section */

/* Begin PBXNativeTarget section */
		F68B9B1C1D39205300CEBE11 /* capstone */ = {
			isa = PBXNativeTarget;
			buildConfigurationList = F68B9B481D39205400CEBE11 /* Build configuration list for PBXNativeTarget "capstone" */;
			buildPhases = (
				F68B9B191D39205300CEBE11 /* Sources */,
				F68B9B1A1D39205300CEBE11 /* Frameworks */,
				F68B9B1B1D39205300CEBE11 /* Resources */,
			);
			buildRules = (
			);
			dependencies = (
			);
			name = capstone;
			productName = capstone;
			productReference = F68B9B1D1D39205300CEBE11 /* capstone.app */;
			productType = "com.apple.product-type.application";
		};
		F68B9B331D39205400CEBE11 /* capstoneTests */ = {
			isa = PBXNativeTarget;
			buildConfigurationList = F68B9B4B1D39205400CEBE11 /* Build configuration list for PBXNativeTarget "capstoneTests" */;
			buildPhases = (
				F68B9B301D39205400CEBE11 /* Sources */,
				F68B9B311D39205400CEBE11 /* Frameworks */,
				F68B9B321D39205400CEBE11 /* Resources */,
			);
			buildRules = (
			);
			dependencies = (
				F68B9B361D39205400CEBE11 /* PBXTargetDependency */,
			);
			name = capstoneTests;
			productName = capstoneTests;
			productReference = F68B9B341D39205400CEBE11 /* capstoneTests.xctest */;
			productType = "com.apple.product-type.bundle.unit-test";
		};
		F68B9B3E1D39205400CEBE11 /* capstoneUITests */ = {
			isa = PBXNativeTarget;
			buildConfigurationList = F68B9B4E1D39205400CEBE11 /* Build configuration list for PBXNativeTarget "capstoneUITests" */;
			buildPhases = (
				F68B9B3B1D39205400CEBE11 /* Sources */,
				F68B9B3C1D39205400CEBE11 /* Frameworks */,
				F68B9B3D1D39205400CEBE11 /* Resources */,
			);
			buildRules = (
			);
			dependencies = (
				F68B9B411D39205400CEBE11 /* PBXTargetDependency */,
			);
			name = capstoneUITests;
			productName = capstoneUITests;
			productReference = F68B9B3F1D39205400CEBE11 /* capstoneUITests.xctest */;
			productType = "com.apple.product-type.bundle.ui-testing";
		};
/* End PBXNativeTarget section */

/* Begin PBXProject section */
		F68B9B151D39205300CEBE11 /* Project object */ = {
			isa = PBXProject;
			attributes = {
				LastSwiftUpdateCheck = 0730;
				LastUpgradeCheck = 0730;
				ORGANIZATIONNAME = "León Felipe Guevara Chávez";
				TargetAttributes = {
					F68B9B1C1D39205300CEBE11 = {
						CreatedOnToolsVersion = 7.3.1;
					};
					F68B9B331D39205400CEBE11 = {
						CreatedOnToolsVersion = 7.3.1;
						TestTargetID = F68B9B1C1D39205300CEBE11;
					};
					F68B9B3E1D39205400CEBE11 = {
						CreatedOnToolsVersion = 7.3.1;
						TestTargetID = F68B9B1C1D39205300CEBE11;
					};
				};
			};
			buildConfigurationList = F68B9B181D39205300CEBE11 /* Build configuration list for PBXProject "capstone" */;
			compatibilityVersion = "Xcode 3.2";
			developmentRegion = English;
			hasScannedForEncodings = 0;
			knownRegions = (
				en,
				Base,
			);
			mainGroup = F68B9B141D39205300CEBE11;
			productRefGroup = F68B9B1E1D39205300CEBE11 /* Products */;
			projectDirPath = "";
			projectRoot = "";
			targets = (
				F68B9B1C1D39205300CEBE11 /* capstone */,
				F68B9B331D39205400CEBE11 /* capstoneTests */,
				F68B9B3E1D39205400CEBE11 /* capstoneUITests */,
			);
		};
/* End PBXProject section */

/* Begin PBXResourcesBuildPhase section */
		F68B9B1B1D39205300CEBE11 /* Resources */ = {
			isa = PBXResourcesBuildPhase;
			buildActionMask = 2147483647;
			files = (
				F68B9B2E1D39205400CEBE11 /* LaunchScreen.storyboard in Resources */,
				F68B9B2B1D39205400CEBE11 /* Assets.xcassets in Resources */,
				F68B9B531D39257600CEBE11 /* route.png in Resources */,
				F68B9B551D3925CB00CEBE11 /* qrcode.png in Resources */,
				F68B9B261D39205400CEBE11 /* Main.storyboard in Resources */,
				F68B9B5B1D397F9000CEBE11 /* calendar.png in Resources */,
				F68B9B571D3928D500CEBE11 /* CatedralTampico.jpg in Resources */,
				F68B9B5D1D39814900CEBE11 /* about.png in Resources */,
			);
			runOnlyForDeploymentPostprocessing = 0;
		};
		F68B9B321D39205400CEBE11 /* Resources */ = {
			isa = PBXResourcesBuildPhase;
			buildActionMask = 2147483647;
			files = (
			);
			runOnlyForDeploymentPostprocessing = 0;
		};
		F68B9B3D1D39205400CEBE11 /* Resources */ = {
			isa = PBXResourcesBuildPhase;
			buildActionMask = 2147483647;
			files = (
			);
			runOnlyForDeploymentPostprocessing = 0;
		};
/* End PBXResourcesBuildPhase section */

/* Begin PBXSourcesBuildPhase section */
		F68B9B191D39205300CEBE11 /* Sources */ = {
			isa = PBXSourcesBuildPhase;
			buildActionMask = 2147483647;
			files = (
				F68B9B611D3C777C00CEBE11 /* QRWebViewController.swift in Sources */,
				F68B9B591D39734000CEBE11 /* MenuCellController.swift in Sources */,
				F68B9B5F1D398A9600CEBE11 /* QRViewController.swift in Sources */,
				F68B9B231D39205400CEBE11 /* ViewController.swift in Sources */,
				F68B9B291D39205400CEBE11 /* capstone.xcdatamodeld in Sources */,
				F68B9B211D39205400CEBE11 /* AppDelegate.swift in Sources */,
				F68B9B631D3D289100CEBE11 /* QRNavigationViewController.swift in Sources */,
			);
			runOnlyForDeploymentPostprocessing = 0;
		};
		F68B9B301D39205400CEBE11 /* Sources */ = {
			isa = PBXSourcesBuildPhase;
			buildActionMask = 2147483647;
			files = (
				F68B9B391D39205400CEBE11 /* capstoneTests.swift in Sources */,
			);
			runOnlyForDeploymentPostprocessing = 0;
		};
		F68B9B3B1D39205400CEBE11 /* Sources */ = {
			isa = PBXSourcesBuildPhase;
			buildActionMask = 2147483647;
			files = (
				F68B9B441D39205400CEBE11 /* capstoneUITests.swift in Sources */,
			);
			runOnlyForDeploymentPostprocessing = 0;
		};
/* End PBXSourcesBuildPhase section */

/* Begin PBXTargetDependency section */
		F68B9B361D39205400CEBE11 /* PBXTargetDependency */ = {
			isa = PBXTargetDependency;
			target = F68B9B1C1D39205300CEBE11 /* capstone */;
			targetProxy = F68B9B351D39205400CEBE11 /* PBXContainerItemProxy */;
		};
		F68B9B411D39205400CEBE11 /* PBXTargetDependency */ = {
			isa = PBXTargetDependency;
			target = F68B9B1C1D39205300CEBE11 /* capstone */;
			targetProxy = F68B9B401D39205400CEBE11 /* PBXContainerItemProxy */;
		};
/* End PBXTargetDependency section */

/* Begin PBXVariantGroup section */
		F68B9B241D39205400CEBE11 /* Main.storyboard */ = {
			isa = PBXVariantGroup;
			children = (
				F68B9B251D39205400CEBE11 /* Base */,
			);
			name = Main.storyboard;
			sourceTree = "<group>";
		};
		F68B9B2C1D39205400CEBE11 /* LaunchScreen.storyboard */ = {
			isa = PBXVariantGroup;
			children = (
				F68B9B2D1D39205400CEBE11 /* Base */,
			);
			name = LaunchScreen.storyboard;
			sourceTree = "<group>";
		};
/* End PBXVariantGroup section */

/* Begin XCBuildConfiguration section */
		F68B9B461D39205400CEBE11 /* Debug */ = {
			isa = XCBuildConfiguration;
			buildSettings = {
				ALWAYS_SEARCH_USER_PATHS = NO;
				CLANG_ANALYZER_NONNULL = YES;
				CLANG_CXX_LANGUAGE_STANDARD = "gnu++0x";
				CLANG_CXX_LIBRARY = "libc++";
				CLANG_ENABLE_MODULES = YES;
				CLANG_ENABLE_OBJC_ARC = YES;
				CLANG_WARN_BOOL_CONVERSION = YES;
				CLANG_WARN_CONSTANT_CONVERSION = YES;
				CLANG_WARN_DIRECT_OBJC_ISA_USAGE = YES_ERROR;
				CLANG_WARN_EMPTY_BODY = YES;
				CLANG_WARN_ENUM_CONVERSION = YES;
				CLANG_WARN_INT_CONVERSION = YES;
				CLANG_WARN_OBJC_ROOT_CLASS = YES_ERROR;
				CLANG_WARN_UNREACHABLE_CODE = YES;
				CLANG_WARN__DUPLICATE_METHOD_MATCH = YES;
				"CODE_SIGN_IDENTITY[sdk=iphoneos*]" = "iPhone Developer";
				COPY_PHASE_STRIP = NO;
				DEBUG_INFORMATION_FORMAT = dwarf;
				ENABLE_STRICT_OBJC_MSGSEND = YES;
				ENABLE_TESTABILITY = YES;
				GCC_C_LANGUAGE_STANDARD = gnu99;
				GCC_DYNAMIC_NO_PIC = NO;
				GCC_NO_COMMON_BLOCKS = YES;
				GCC_OPTIMIZATION_LEVEL = 0;
				GCC_PREPROCESSOR_DEFINITIONS = (
					"DEBUG=1",
					"$(inherited)",
				);
				GCC_WARN_64_TO_32_BIT_CONVERSION = YES;
				GCC_WARN_ABOUT_RETURN_TYPE = YES_ERROR;
				GCC_WARN_UNDECLARED_SELECTOR = YES;
				GCC_WARN_UNINITIALIZED_AUTOS = YES_AGGRESSIVE;
				GCC_WARN_UNUSED_FUNCTION = YES;
				GCC_WARN_UNUSED_VARIABLE = YES;
				IPHONEOS_DEPLOYMENT_TARGET = 9.3;
				MTL_ENABLE_DEBUG_INFO = YES;
				ONLY_ACTIVE_ARCH = YES;
				SDKROOT = iphoneos;
				SWIFT_OPTIMIZATION_LEVEL = "-Onone";
				TARGETED_DEVICE_FAMILY = "1,2";
			};
			name = Debug;
		};
		F68B9B471D39205400CEBE11 /* Release */ = {
			isa = XCBuildConfiguration;
			buildSettings = {
				ALWAYS_SEARCH_USER_PATHS = NO;
				CLANG_ANALYZER_NONNULL = YES;
				CLANG_CXX_LANGUAGE_STANDARD = "gnu++0x";
				CLANG_CXX_LIBRARY = "libc++";
				CLANG_ENABLE_MODULES = YES;
				CLANG_ENABLE_OBJC_ARC = YES;
				CLANG_WARN_BOOL_CONVERSION = YES;
				CLANG_WARN_CONSTANT_CONVERSION = YES;
				CLANG_WARN_DIRECT_OBJC_ISA_USAGE = YES_ERROR;
				CLANG_WARN_EMPTY_BODY = YES;
				CLANG_WARN_ENUM_CONVERSION = YES;
				CLANG_WARN_INT_CONVERSION = YES;
				CLANG_WARN_OBJC_ROOT_CLASS = YES_ERROR;
				CLANG_WARN_UNREACHABLE_CODE = YES;
				CLANG_WARN__DUPLICATE_METHOD_MATCH = YES;
				"CODE_SIGN_IDENTITY[sdk=iphoneos*]" = "iPhone Developer";
				COPY_PHASE_STRIP = NO;
				DEBUG_INFORMATION_FORMAT = "dwarf-with-dsym";
				ENABLE_NS_ASSERTIONS = NO;
				ENABLE_STRICT_OBJC_MSGSEND = YES;
				GCC_C_LANGUAGE_STANDARD = gnu99;
				GCC_NO_COMMON_BLOCKS = YES;
				GCC_WARN_64_TO_32_BIT_CONVERSION = YES;
				GCC_WARN_ABOUT_RETURN_TYPE = YES_ERROR;
				GCC_WARN_UNDECLARED_SELECTOR = YES;
				GCC_WARN_UNINITIALIZED_AUTOS = YES_AGGRESSIVE;
				GCC_WARN_UNUSED_FUNCTION = YES;
				GCC_WARN_UNUSED_VARIABLE = YES;
				IPHONEOS_DEPLOYMENT_TARGET = 9.3;
				MTL_ENABLE_DEBUG_INFO = NO;
				SDKROOT = iphoneos;
				TARGETED_DEVICE_FAMILY = "1,2";
				VALIDATE_PRODUCT = YES;
			};
			name = Release;
		};
		F68B9B491D39205400CEBE11 /* Debug */ = {
			isa = XCBuildConfiguration;
			buildSettings = {
				ASSETCATALOG_COMPILER_APPICON_NAME = AppIcon;
				INFOPLIST_FILE = capstone/Info.plist;
				LD_RUNPATH_SEARCH_PATHS = "$(inherited) @executable_path/Frameworks";
				PRODUCT_BUNDLE_IDENTIFIER = com.leonguevara.capstone;
				PRODUCT_NAME = "$(TARGET_NAME)";
			};
			name = Debug;
		};
		F68B9B4A1D39205400CEBE11 /* Release */ = {
			isa = XCBuildConfiguration;
			buildSettings = {
				ASSETCATALOG_COMPILER_APPICON_NAME = AppIcon;
				INFOPLIST_FILE = capstone/Info.plist;
				LD_RUNPATH_SEARCH_PATHS = "$(inherited) @executable_path/Frameworks";
				PRODUCT_BUNDLE_IDENTIFIER = com.leonguevara.capstone;
				PRODUCT_NAME = "$(TARGET_NAME)";
			};
			name = Release;
		};
		F68B9B4C1D39205400CEBE11 /* Debug */ = {
			isa = XCBuildConfiguration;
			buildSettings = {
				BUNDLE_LOADER = "$(TEST_HOST)";
				INFOPLIST_FILE = capstoneTests/Info.plist;
				LD_RUNPATH_SEARCH_PATHS = "$(inherited) @executable_path/Frameworks @loader_path/Frameworks";
				PRODUCT_BUNDLE_IDENTIFIER = com.leonguevara.capstoneTests;
				PRODUCT_NAME = "$(TARGET_NAME)";
				TEST_HOST = "$(BUILT_PRODUCTS_DIR)/capstone.app/capstone";
			};
			name = Debug;
		};
		F68B9B4D1D39205400CEBE11 /* Release */ = {
			isa = XCBuildConfiguration;
			buildSettings = {
				BUNDLE_LOADER = "$(TEST_HOST)";
				INFOPLIST_FILE = capstoneTests/Info.plist;
				LD_RUNPATH_SEARCH_PATHS = "$(inherited) @executable_path/Frameworks @loader_path/Frameworks";
				PRODUCT_BUNDLE_IDENTIFIER = com.leonguevara.capstoneTests;
				PRODUCT_NAME = "$(TARGET_NAME)";
				TEST_HOST = "$(BUILT_PRODUCTS_DIR)/capstone.app/capstone";
			};
			name = Release;
		};
		F68B9B4F1D39205400CEBE11 /* Debug */ = {
			isa = XCBuildConfiguration;
			buildSettings = {
				INFOPLIST_FILE = capstoneUITests/Info.plist;
				LD_RUNPATH_SEARCH_PATHS = "$(inherited) @executable_path/Frameworks @loader_path/Frameworks";
				PRODUCT_BUNDLE_IDENTIFIER = com.leonguevara.capstoneUITests;
				PRODUCT_NAME = "$(TARGET_NAME)";
				TEST_TARGET_NAME = capstone;
			};
			name = Debug;
		};
		F68B9B501D39205400CEBE11 /* Release */ = {
			isa = XCBuildConfiguration;
			buildSettings = {
				INFOPLIST_FILE = capstoneUITests/Info.plist;
				LD_RUNPATH_SEARCH_PATHS = "$(inherited) @executable_path/Frameworks @loader_path/Frameworks";
				PRODUCT_BUNDLE_IDENTIFIER = com.leonguevara.capstoneUITests;
				PRODUCT_NAME = "$(TARGET_NAME)";
				TEST_TARGET_NAME = capstone;
			};
			name = Release;
		};
/* End XCBuildConfiguration section */

/* Begin XCConfigurationList section */
		F68B9B181D39205300CEBE11 /* Build configuration list for PBXProject "capstone" */ = {
			isa = XCConfigurationList;
			buildConfigurations = (
				F68B9B461D39205400CEBE11 /* Debug */,
				F68B9B471D39205400CEBE11 /* Release */,
			);
			defaultConfigurationIsVisible = 0;
			defaultConfigurationName = Release;
		};
		F68B9B481D39205400CEBE11 /* Build configuration list for PBXNativeTarget "capstone" */ = {
			isa = XCConfigurationList;
			buildConfigurations = (
				F68B9B491D39205400CEBE11 /* Debug */,
				F68B9B4A1D39205400CEBE11 /* Release */,
			);
			defaultConfigurationIsVisible = 0;
			defaultConfigurationName = Release;
		};
		F68B9B4B1D39205400CEBE11 /* Build configuration list for PBXNativeTarget "capstoneTests" */ = {
			isa = XCConfigurationList;
			buildConfigurations = (
				F68B9B4C1D39205400CEBE11 /* Debug */,
				F68B9B4D1D39205400CEBE11 /* Release */,
			);
			defaultConfigurationIsVisible = 0;
			defaultConfigurationName = Release;
		};
		F68B9B4E1D39205400CEBE11 /* Build configuration list for PBXNativeTarget "capstoneUITests" */ = {
			isa = XCConfigurationList;
			buildConfigurations = (
				F68B9B4F1D39205400CEBE11 /* Debug */,
				F68B9B501D39205400CEBE11 /* Release */,
			);
			defaultConfigurationIsVisible = 0;
			defaultConfigurationName = Release;
		};
/* End XCConfigurationList section */

/* Begin XCVersionGroup section */
		F68B9B271D39205400CEBE11 /* capstone.xcdatamodeld */ = {
			isa = XCVersionGroup;
			children = (
				F68B9B281D39205400CEBE11 /* capstone.xcdatamodel */,
			);
			currentVersion = F68B9B281D39205400CEBE11 /* capstone.xcdatamodel */;
			path = capstone.xcdatamodeld;
			sourceTree = "<group>";
			versionGroupType = wrapper.xcdatamodel;
		};
/* End XCVersionGroup section */
	};
	rootObject = F68B9B151D39205300CEBE11 /* Project object */;
}
